
Microsoft Visual Studio Solution File, Format Version 12.00
# Visual Studio Version 16
VisualStudioVersion = 16.0.30907.101
MinimumVisualStudioVersion = 10.0.40219.1
Project("{9A19103F-16F7-4668-BE54-9A1E7A4F7556}") = "caiboMerchant", "caiboMerchant\caiboMerchant.csproj", "{C74A235D-822B-4FB9-ACF9-07F2F27E425A}"
EndProject
Global
	GlobalSection(SolutionConfigurationPlatforms) = preSolution
		Debug|Any CPU = Debug|Any CPU
		Release|Any CPU = Release|Any CPU
	EndGlobalSection
	GlobalSection(ProjectConfigurationPlatforms) = postSolution
		{C74A235D-822B-4FB9-ACF9-07F2F27E425A}.Debug|Any CPU.ActiveCfg = Debug|Any CPU
		{C74A235D-822B-4FB9-ACF9-07F2F27E425A}.Debug|Any CPU.Build.0 = Debug|Any CPU
		{C74A235D-822B-4FB9-ACF9-07F2F27E425A}.Release|Any CPU.ActiveCfg = Release|Any CPU
		{C74A235D-822B-4FB9-ACF9-07F2F27E425A}.Release|Any CPU.Build.0 = Release|Any CPU
	EndGlobalSection
	GlobalSection(SolutionProperties) = preSolution
		HideSolutionNode = FALSE
	EndGlobalSection
	GlobalSection(ExtensibilityGlobals) = postSolution
		SolutionGuid = {6CDA4556-0F22-45B2-9C0A-B761A7809D74}
	EndGlobalSection
EndGlobal
